
Microsoft Visual Studio Solution File, Format Version 12.00
# Visual Studio 15
VisualStudioVersion = 15.0.27130.2027
MinimumVisualStudioVersion = 10.0.40219.1
Project("{FAE04EC0-301F-11D3-BF4B-00C04F79EFBC}") = "MathGen", "MathGen\MathGen.csproj", "{3BADB54D-4E45-4B22-83E5-2BB82847A29B}"
EndProject
Global
	GlobalSection(SolutionConfigurationPlatforms) = preSolution
		Debug|Any CPU = Debug|Any CPU
		Release|Any CPU = Release|Any CPU
	EndGlobalSection
	GlobalSection(ProjectConfigurationPlatforms) = postSolution
		{3BADB54D-4E45-4B22-83E5-2BB82847A29B}.Debug|Any CPU.ActiveCfg = Debug|Any CPU
		{3BADB54D-4E45-4B22-83E5-2BB82847A29B}.Debug|Any CPU.Build.0 = Debug|Any CPU
		{3BADB54D-4E45-4B22-83E5-2BB82847A29B}.Release|Any CPU.ActiveCfg = Release|Any CPU
		{3BADB54D-4E45-4B22-83E5-2BB82847A29B}.Release|Any CPU.Build.0 = Release|Any CPU
	EndGlobalSection
	GlobalSection(SolutionProperties) = preSolution
		HideSolutionNode = FALSE
	EndGlobalSection
	GlobalSection(ExtensibilityGlobals) = postSolution
		SolutionGuid = {DEC5D728-AEFF-4806-9878-AAE465E09609}
	EndGlobalSection
EndGlobal
